
Microsoft Visual Studio Solution File, Format Version 12.00
# Visual Studio Version 17
VisualStudioVersion = 17.1.32328.378
MinimumVisualStudioVersion = 10.0.40219.1
Project("{FAE04EC0-301F-11D3-BF4B-00C04F79EFBC}") = "majasDarbs2", "majasDarbs2\majasDarbs2.csproj", "{56DE31B7-EF11-4B38-B5E5-4BBE9267AD23}"
EndProject
Global
	GlobalSection(SolutionConfigurationPlatforms) = preSolution
		Debug|Any CPU = Debug|Any CPU
		Release|Any CPU = Release|Any CPU
	EndGlobalSection
	GlobalSection(ProjectConfigurationPlatforms) = postSolution
		{56DE31B7-EF11-4B38-B5E5-4BBE9267AD23}.Debug|Any CPU.ActiveCfg = Debug|Any CPU
		{56DE31B7-EF11-4B38-B5E5-4BBE9267AD23}.Debug|Any CPU.Build.0 = Debug|Any CPU
		{56DE31B7-EF11-4B38-B5E5-4BBE9267AD23}.Release|Any CPU.ActiveCfg = Release|Any CPU
		{56DE31B7-EF11-4B38-B5E5-4BBE9267AD23}.Release|Any CPU.Build.0 = Release|Any CPU
	EndGlobalSection
	GlobalSection(SolutionProperties) = preSolution
		HideSolutionNode = FALSE
	EndGlobalSection
	GlobalSection(ExtensibilityGlobals) = postSolution
		SolutionGuid = {BDC71A5E-748C-44C2-A408-E3EED69F0FCB}
	EndGlobalSection
EndGlobal
